// !$*UTF8*$!
{
	archiveVersion = 1;
	classes = {
	};
	objectVersion = 50;
	objects = {

/* Begin PBXBuildFile section */
		789061B1237306A3000DFC9B /* AppDelegate.swift in Sources */ = {isa = PBXBuildFile; fileRef = 789061B0237306A3000DFC9B /* AppDelegate.swift */; };
		789061B6237306A3000DFC9B /* Main.storyboard in Resources */ = {isa = PBXBuildFile; fileRef = 789061B4237306A3000DFC9B /* Main.storyboard */; };
		789061B8237306A4000DFC9B /* Assets.xcassets in Resources */ = {isa = PBXBuildFile; fileRef = 789061B7237306A4000DFC9B /* Assets.xcassets */; };
		789061BB237306A4000DFC9B /* LaunchScreen.storyboard in Resources */ = {isa = PBXBuildFile; fileRef = 789061B9237306A4000DFC9B /* LaunchScreen.storyboard */; };
		789061C5237313D9000DFC9B /* UIKitExtensions.swift in Sources */ = {isa = PBXBuildFile; fileRef = 789061C4237313D9000DFC9B /* UIKitExtensions.swift */; };
		789061C7237313E9000DFC9B /* FoundationExtensions.swift in Sources */ = {isa = PBXBuildFile; fileRef = 789061C6237313E9000DFC9B /* FoundationExtensions.swift */; };
		789061CC237314B6000DFC9B /* BaseNavigationController.swift in Sources */ = {isa = PBXBuildFile; fileRef = 789061CB237314B6000DFC9B /* BaseNavigationController.swift */; };
		789061CE237314C4000DFC9B /* BaseViewController.swift in Sources */ = {isa = PBXBuildFile; fileRef = 789061CD237314C4000DFC9B /* BaseViewController.swift */; };
		789061D0237314D0000DFC9B /* BaseTableViewController.swift in Sources */ = {isa = PBXBuildFile; fileRef = 789061CF237314D0000DFC9B /* BaseTableViewController.swift */; };
		78998AD72374687100CA7584 /* MealListController.swift in Sources */ = {isa = PBXBuildFile; fileRef = 78998AD62374687100CA7584 /* MealListController.swift */; };
		78998AD923747A6100CA7584 /* Ingredient.swift in Sources */ = {isa = PBXBuildFile; fileRef = 78998AD823747A6100CA7584 /* Ingredient.swift */; };
		78998ADD23747A9700CA7584 /* MealList.swift in Sources */ = {isa = PBXBuildFile; fileRef = 78998ADC23747A9700CA7584 /* MealList.swift */; };
		78998ADF23747A9F00CA7584 /* Meal.swift in Sources */ = {isa = PBXBuildFile; fileRef = 78998ADE23747A9F00CA7584 /* Meal.swift */; };
		78EEC1662375A41500730AF2 /* MealCell.swift in Sources */ = {isa = PBXBuildFile; fileRef = 78EEC1652375A41500730AF2 /* MealCell.swift */; };
/* End PBXBuildFile section */

/* Begin PBXFileReference section */
		789061AD237306A3000DFC9B /* MealMate.app */ = {isa = PBXFileReference; explicitFileType = wrapper.application; includeInIndex = 0; path = MealMate.app; sourceTree = BUILT_PRODUCTS_DIR; };
		789061B0237306A3000DFC9B /* AppDelegate.swift */ = {isa = PBXFileReference; lastKnownFileType = sourcecode.swift; path = AppDelegate.swift; sourceTree = "<group>"; };
		789061B5237306A3000DFC9B /* Base */ = {isa = PBXFileReference; lastKnownFileType = file.storyboard; name = Base; path = Base.lproj/Main.storyboard; sourceTree = "<group>"; };
		789061B7237306A4000DFC9B /* Assets.xcassets */ = {isa = PBXFileReference; lastKnownFileType = folder.assetcatalog; path = Assets.xcassets; sourceTree = "<group>"; };
		789061BA237306A4000DFC9B /* Base */ = {isa = PBXFileReference; lastKnownFileType = file.storyboard; name = Base; path = Base.lproj/LaunchScreen.storyboard; sourceTree = "<group>"; };
		789061BC237306A4000DFC9B /* Info.plist */ = {isa = PBXFileReference; lastKnownFileType = text.plist.xml; path = Info.plist; sourceTree = "<group>"; };
		789061C4237313D9000DFC9B /* UIKitExtensions.swift */ = {isa = PBXFileReference; lastKnownFileType = sourcecode.swift; path = UIKitExtensions.swift; sourceTree = "<group>"; };
		789061C6237313E9000DFC9B /* FoundationExtensions.swift */ = {isa = PBXFileReference; lastKnownFileType = sourcecode.swift; path = FoundationExtensions.swift; sourceTree = "<group>"; };
		789061CB237314B6000DFC9B /* BaseNavigationController.swift */ = {isa = PBXFileReference; lastKnownFileType = sourcecode.swift; path = BaseNavigationController.swift; sourceTree = "<group>"; };
		789061CD237314C4000DFC9B /* BaseViewController.swift */ = {isa = PBXFileReference; lastKnownFileType = sourcecode.swift; path = BaseViewController.swift; sourceTree = "<group>"; };
		789061CF237314D0000DFC9B /* BaseTableViewController.swift */ = {isa = PBXFileReference; lastKnownFileType = sourcecode.swift; path = BaseTableViewController.swift; sourceTree = "<group>"; };
		78998AD62374687100CA7584 /* MealListController.swift */ = {isa = PBXFileReference; lastKnownFileType = sourcecode.swift; path = MealListController.swift; sourceTree = "<group>"; };
		78998AD823747A6100CA7584 /* Ingredient.swift */ = {isa = PBXFileReference; lastKnownFileType = sourcecode.swift; path = Ingredient.swift; sourceTree = "<group>"; };
		78998ADC23747A9700CA7584 /* MealList.swift */ = {isa = PBXFileReference; lastKnownFileType = sourcecode.swift; path = MealList.swift; sourceTree = "<group>"; };
		78998ADE23747A9F00CA7584 /* Meal.swift */ = {isa = PBXFileReference; lastKnownFileType = sourcecode.swift; path = Meal.swift; sourceTree = "<group>"; };
		78EEC1652375A41500730AF2 /* MealCell.swift */ = {isa = PBXFileReference; lastKnownFileType = sourcecode.swift; path = MealCell.swift; sourceTree = "<group>"; };
/* End PBXFileReference section */

/* Begin PBXFrameworksBuildPhase section */
		789061AA237306A3000DFC9B /* Frameworks */ = {
			isa = PBXFrameworksBuildPhase;
			buildActionMask = 2147483647;
			files = (
			);
			runOnlyForDeploymentPostprocessing = 0;
		};
/* End PBXFrameworksBuildPhase section */

/* Begin PBXGroup section */
		789061A4237306A3000DFC9B = {
			isa = PBXGroup;
			children = (
				789061AF237306A3000DFC9B /* MealMate */,
				789061AE237306A3000DFC9B /* Products */,
			);
			sourceTree = "<group>";
		};
		789061AE237306A3000DFC9B /* Products */ = {
			isa = PBXGroup;
			children = (
				789061AD237306A3000DFC9B /* MealMate.app */,
			);
			name = Products;
			sourceTree = "<group>";
		};
		789061AF237306A3000DFC9B /* MealMate */ = {
			isa = PBXGroup;
			children = (
				789061D22373153B000DFC9B /* AppDelegate */,
				789061CA237314A5000DFC9B /* ViewControllers */,
				789061C92373149E000DFC9B /* Views */,
				789061C823731497000DFC9B /* Data */,
				789061C323731366000DFC9B /* Extensions */,
				789061C223731353000DFC9B /* Resources */,
			);
			path = MealMate;
			sourceTree = "<group>";
		};
		789061C223731353000DFC9B /* Resources */ = {
			isa = PBXGroup;
			children = (
				789061B7237306A4000DFC9B /* Assets.xcassets */,
				789061B9237306A4000DFC9B /* LaunchScreen.storyboard */,
				789061BC237306A4000DFC9B /* Info.plist */,
			);
			name = Resources;
			sourceTree = "<group>";
		};
		789061C323731366000DFC9B /* Extensions */ = {
			isa = PBXGroup;
			children = (
				789061C4237313D9000DFC9B /* UIKitExtensions.swift */,
				789061C6237313E9000DFC9B /* FoundationExtensions.swift */,
			);
			name = Extensions;
			sourceTree = "<group>";
		};
		789061C823731497000DFC9B /* Data */ = {
			isa = PBXGroup;
			children = (
				78998ADC23747A9700CA7584 /* MealList.swift */,
				78998ADE23747A9F00CA7584 /* Meal.swift */,
				78998AD823747A6100CA7584 /* Ingredient.swift */,
			);
			name = Data;
			sourceTree = "<group>";
		};
		789061C92373149E000DFC9B /* Views */ = {
			isa = PBXGroup;
			children = (
				78EEC1652375A41500730AF2 /* MealCell.swift */,
			);
			name = Views;
			sourceTree = "<group>";
		};
		789061CA237314A5000DFC9B /* ViewControllers */ = {
			isa = PBXGroup;
			children = (
				789061D12373152C000DFC9B /* BaseControllers */,
				789061B4237306A3000DFC9B /* Main.storyboard */,
				78998AD62374687100CA7584 /* MealListController.swift */,
			);
			name = ViewControllers;
			sourceTree = "<group>";
		};
		789061D12373152C000DFC9B /* BaseControllers */ = {
			isa = PBXGroup;
			children = (
				789061CB237314B6000DFC9B /* BaseNavigationController.swift */,
				789061CD237314C4000DFC9B /* BaseViewController.swift */,
				789061CF237314D0000DFC9B /* BaseTableViewController.swift */,
			);
			name = BaseControllers;
			sourceTree = "<group>";
		};
		789061D22373153B000DFC9B /* AppDelegate */ = {
			isa = PBXGroup;
			children = (
				789061B0237306A3000DFC9B /* AppDelegate.swift */,
			);
			name = AppDelegate;
			sourceTree = "<group>";
		};
/* End PBXGroup section */

/* Begin PBXNativeTarget section */
		789061AC237306A3000DFC9B /* MealMate */ = {
			isa = PBXNativeTarget;
			buildConfigurationList = 789061BF237306A4000DFC9B /* Build configuration list for PBXNativeTarget "MealMate" */;
			buildPhases = (
				789061A9237306A3000DFC9B /* Sources */,
				789061AA237306A3000DFC9B /* Frameworks */,
				789061AB237306A3000DFC9B /* Resources */,
			);
			buildRules = (
			);
			dependencies = (
			);
			name = MealMate;
			productName = MealMate;
			productReference = 789061AD237306A3000DFC9B /* MealMate.app */;
			productType = "com.apple.product-type.application";
		};
/* End PBXNativeTarget section */

/* Begin PBXProject section */
		789061A5237306A3000DFC9B /* Project object */ = {
			isa = PBXProject;
			attributes = {
				LastSwiftUpdateCheck = 1030;
				LastUpgradeCheck = 1030;
				ORGANIZATIONNAME = "Eric Ziegler";
				TargetAttributes = {
					789061AC237306A3000DFC9B = {
						CreatedOnToolsVersion = 10.3;
					};
				};
			};
			buildConfigurationList = 789061A8237306A3000DFC9B /* Build configuration list for PBXProject "MealMate" */;
			compatibilityVersion = "Xcode 9.3";
			developmentRegion = en;
			hasScannedForEncodings = 0;
			knownRegions = (
				en,
				Base,
			);
			mainGroup = 789061A4237306A3000DFC9B;
			productRefGroup = 789061AE237306A3000DFC9B /* Products */;
			projectDirPath = "";
			projectRoot = "";
			targets = (
				789061AC237306A3000DFC9B /* MealMate */,
			);
		};
/* End PBXProject section */

/* Begin PBXResourcesBuildPhase section */
		789061AB237306A3000DFC9B /* Resources */ = {
			isa = PBXResourcesBuildPhase;
			buildActionMask = 2147483647;
			files = (
				789061BB237306A4000DFC9B /* LaunchScreen.storyboard in Resources */,
				789061B8237306A4000DFC9B /* Assets.xcassets in Resources */,
				789061B6237306A3000DFC9B /* Main.storyboard in Resources */,
			);
			runOnlyForDeploymentPostprocessing = 0;
		};
/* End PBXResourcesBuildPhase section */

/* Begin PBXSourcesBuildPhase section */
		789061A9237306A3000DFC9B /* Sources */ = {
			isa = PBXSourcesBuildPhase;
			buildActionMask = 2147483647;
			files = (
				789061C7237313E9000DFC9B /* FoundationExtensions.swift in Sources */,
				78998AD72374687100CA7584 /* MealListController.swift in Sources */,
				78998ADD23747A9700CA7584 /* MealList.swift in Sources */,
				789061B1237306A3000DFC9B /* AppDelegate.swift in Sources */,
				78998ADF23747A9F00CA7584 /* Meal.swift in Sources */,
				78EEC1662375A41500730AF2 /* MealCell.swift in Sources */,
				789061D0237314D0000DFC9B /* BaseTableViewController.swift in Sources */,
				78998AD923747A6100CA7584 /* Ingredient.swift in Sources */,
				789061CC237314B6000DFC9B /* BaseNavigationController.swift in Sources */,
				789061C5237313D9000DFC9B /* UIKitExtensions.swift in Sources */,
				789061CE237314C4000DFC9B /* BaseViewController.swift in Sources */,
			);
			runOnlyForDeploymentPostprocessing = 0;
		};
/* End PBXSourcesBuildPhase section */

/* Begin PBXVariantGroup section */
		789061B4237306A3000DFC9B /* Main.storyboard */ = {
			isa = PBXVariantGroup;
			children = (
				789061B5237306A3000DFC9B /* Base */,
			);
			name = Main.storyboard;
			sourceTree = "<group>";
		};
		789061B9237306A4000DFC9B /* LaunchScreen.storyboard */ = {
			isa = PBXVariantGroup;
			children = (
				789061BA237306A4000DFC9B /* Base */,
			);
			name = LaunchScreen.storyboard;
			sourceTree = "<group>";
		};
/* End PBXVariantGroup section */

/* Begin XCBuildConfiguration section */
		789061BD237306A4000DFC9B /* Debug */ = {
			isa = XCBuildConfiguration;
			buildSettings = {
				ALWAYS_SEARCH_USER_PATHS = NO;
				CLANG_ANALYZER_NONNULL = YES;
				CLANG_ANALYZER_NUMBER_OBJECT_CONVERSION = YES_AGGRESSIVE;
				CLANG_CXX_LANGUAGE_STANDARD = "gnu++14";
				CLANG_CXX_LIBRARY = "libc++";
				CLANG_ENABLE_MODULES = YES;
				CLANG_ENABLE_OBJC_ARC = YES;
				CLANG_ENABLE_OBJC_WEAK = YES;
				CLANG_WARN_BLOCK_CAPTURE_AUTORELEASING = YES;
				CLANG_WARN_BOOL_CONVERSION = YES;
				CLANG_WARN_COMMA = YES;
				CLANG_WARN_CONSTANT_CONVERSION = YES;
				CLANG_WARN_DEPRECATED_OBJC_IMPLEMENTATIONS = YES;
				CLANG_WARN_DIRECT_OBJC_ISA_USAGE = YES_ERROR;
				CLANG_WARN_DOCUMENTATION_COMMENTS = YES;
				CLANG_WARN_EMPTY_BODY = YES;
				CLANG_WARN_ENUM_CONVERSION = YES;
				CLANG_WARN_INFINITE_RECURSION = YES;
				CLANG_WARN_INT_CONVERSION = YES;
				CLANG_WARN_NON_LITERAL_NULL_CONVERSION = YES;
				CLANG_WARN_OBJC_IMPLICIT_RETAIN_SELF = YES;
				CLANG_WARN_OBJC_LITERAL_CONVERSION = YES;
				CLANG_WARN_OBJC_ROOT_CLASS = YES_ERROR;
				CLANG_WARN_RANGE_LOOP_ANALYSIS = YES;
				CLANG_WARN_STRICT_PROTOTYPES = YES;
				CLANG_WARN_SUSPICIOUS_MOVE = YES;
				CLANG_WARN_UNGUARDED_AVAILABILITY = YES_AGGRESSIVE;
				CLANG_WARN_UNREACHABLE_CODE = YES;
				CLANG_WARN__DUPLICATE_METHOD_MATCH = YES;
				CODE_SIGN_IDENTITY = "iPhone Developer";
				COPY_PHASE_STRIP = NO;
				DEBUG_INFORMATION_FORMAT = dwarf;
				ENABLE_STRICT_OBJC_MSGSEND = YES;
				ENABLE_TESTABILITY = YES;
				GCC_C_LANGUAGE_STANDARD = gnu11;
				GCC_DYNAMIC_NO_PIC = NO;
				GCC_NO_COMMON_BLOCKS = YES;
				GCC_OPTIMIZATION_LEVEL = 0;
				GCC_PREPROCESSOR_DEFINITIONS = (
					"DEBUG=1",
					"$(inherited)",
				);
				GCC_WARN_64_TO_32_BIT_CONVERSION = YES;
				GCC_WARN_ABOUT_RETURN_TYPE = YES_ERROR;
				GCC_WARN_UNDECLARED_SELECTOR = YES;
				GCC_WARN_UNINITIALIZED_AUTOS = YES_AGGRESSIVE;
				GCC_WARN_UNUSED_FUNCTION = YES;
				GCC_WARN_UNUSED_VARIABLE = YES;
				IPHONEOS_DEPLOYMENT_TARGET = 12.4;
				MTL_ENABLE_DEBUG_INFO = INCLUDE_SOURCE;
				MTL_FAST_MATH = YES;
				ONLY_ACTIVE_ARCH = YES;
				SDKROOT = iphoneos;
				SWIFT_ACTIVE_COMPILATION_CONDITIONS = DEBUG;
				SWIFT_OPTIMIZATION_LEVEL = "-Onone";
			};
			name = Debug;
		};
		789061BE237306A4000DFC9B /* Release */ = {
			isa = XCBuildConfiguration;
			buildSettings = {
				ALWAYS_SEARCH_USER_PATHS = NO;
				CLANG_ANALYZER_NONNULL = YES;
				CLANG_ANALYZER_NUMBER_OBJECT_CONVERSION = YES_AGGRESSIVE;
				CLANG_CXX_LANGUAGE_STANDARD = "gnu++14";
				CLANG_CXX_LIBRARY = "libc++";
				CLANG_ENABLE_MODULES = YES;
				CLANG_ENABLE_OBJC_ARC = YES;
				CLANG_ENABLE_OBJC_WEAK = YES;
				CLANG_WARN_BLOCK_CAPTURE_AUTORELEASING = YES;
				CLANG_WARN_BOOL_CONVERSION = YES;
				CLANG_WARN_COMMA = YES;
				CLANG_WARN_CONSTANT_CONVERSION = YES;
				CLANG_WARN_DEPRECATED_OBJC_IMPLEMENTATIONS = YES;
				CLANG_WARN_DIRECT_OBJC_ISA_USAGE = YES_ERROR;
				CLANG_WARN_DOCUMENTATION_COMMENTS = YES;
				CLANG_WARN_EMPTY_BODY = YES;
				CLANG_WARN_ENUM_CONVERSION = YES;
				CLANG_WARN_INFINITE_RECURSION = YES;
				CLANG_WARN_INT_CONVERSION = YES;
				CLANG_WARN_NON_LITERAL_NULL_CONVERSION = YES;
				CLANG_WARN_OBJC_IMPLICIT_RETAIN_SELF = YES;
				CLANG_WARN_OBJC_LITERAL_CONVERSION = YES;
				CLANG_WARN_OBJC_ROOT_CLASS = YES_ERROR;
				CLANG_WARN_RANGE_LOOP_ANALYSIS = YES;
				CLANG_WARN_STRICT_PROTOTYPES = YES;
				CLANG_WARN_SUSPICIOUS_MOVE = YES;
				CLANG_WARN_UNGUARDED_AVAILABILITY = YES_AGGRESSIVE;
				CLANG_WARN_UNREACHABLE_CODE = YES;
				CLANG_WARN__DUPLICATE_METHOD_MATCH = YES;
				CODE_SIGN_IDENTITY = "iPhone Developer";
				COPY_PHASE_STRIP = NO;
				DEBUG_INFORMATION_FORMAT = "dwarf-with-dsym";
				ENABLE_NS_ASSERTIONS = NO;
				ENABLE_STRICT_OBJC_MSGSEND = YES;
				GCC_C_LANGUAGE_STANDARD = gnu11;
				GCC_NO_COMMON_BLOCKS = YES;
				GCC_WARN_64_TO_32_BIT_CONVERSION = YES;
				GCC_WARN_ABOUT_RETURN_TYPE = YES_ERROR;
				GCC_WARN_UNDECLARED_SELECTOR = YES;
				GCC_WARN_UNINITIALIZED_AUTOS = YES_AGGRESSIVE;
				GCC_WARN_UNUSED_FUNCTION = YES;
				GCC_WARN_UNUSED_VARIABLE = YES;
				IPHONEOS_DEPLOYMENT_TARGET = 12.4;
				MTL_ENABLE_DEBUG_INFO = NO;
				MTL_FAST_MATH = YES;
				SDKROOT = iphoneos;
				SWIFT_COMPILATION_MODE = wholemodule;
				SWIFT_OPTIMIZATION_LEVEL = "-O";
				VALIDATE_PRODUCT = YES;
			};
			name = Release;
		};
		789061C0237306A4000DFC9B /* Debug */ = {
			isa = XCBuildConfiguration;
			buildSettings = {
				ASSETCATALOG_COMPILER_APPICON_NAME = AppIcon;
				CODE_SIGN_STYLE = Automatic;
				DEVELOPMENT_TEAM = MJA8334VZT;
				INFOPLIST_FILE = MealMate/Info.plist;
				LD_RUNPATH_SEARCH_PATHS = (
					"$(inherited)",
					"@executable_path/Frameworks",
				);
				PRODUCT_BUNDLE_IDENTIFIER = com.zigabytes.MealMate;
				PRODUCT_NAME = "$(TARGET_NAME)";
				SWIFT_VERSION = 5.0;
				TARGETED_DEVICE_FAMILY = 1;
			};
			name = Debug;
		};
		789061C1237306A4000DFC9B /* Release */ = {
			isa = XCBuildConfiguration;
			buildSettings = {
				ASSETCATALOG_COMPILER_APPICON_NAME = AppIcon;
				CODE_SIGN_STYLE = Automatic;
				DEVELOPMENT_TEAM = MJA8334VZT;
				INFOPLIST_FILE = MealMate/Info.plist;
				LD_RUNPATH_SEARCH_PATHS = (
					"$(inherited)",
					"@executable_path/Frameworks",
				);
				PRODUCT_BUNDLE_IDENTIFIER = com.zigabytes.MealMate;
				PRODUCT_NAME = "$(TARGET_NAME)";
				SWIFT_VERSION = 5.0;
				TARGETED_DEVICE_FAMILY = 1;
			};
			name = Release;
		};
/* End XCBuildConfiguration section */

/* Begin XCConfigurationList section */
		789061A8237306A3000DFC9B /* Build configuration list for PBXProject "MealMate" */ = {
			isa = XCConfigurationList;
			buildConfigurations = (
				789061BD237306A4000DFC9B /* Debug */,
				789061BE237306A4000DFC9B /* Release */,
			);
			defaultConfigurationIsVisible = 0;
			defaultConfigurationName = Release;
		};
		789061BF237306A4000DFC9B /* Build configuration list for PBXNativeTarget "MealMate" */ = {
			isa = XCConfigurationList;
			buildConfigurations = (
				789061C0237306A4000DFC9B /* Debug */,
				789061C1237306A4000DFC9B /* Release */,
			);
			defaultConfigurationIsVisible = 0;
			defaultConfigurationName = Release;
		};
/* End XCConfigurationList section */
	};
	rootObject = 789061A5237306A3000DFC9B /* Project object */;
}
